
Microsoft Visual Studio Solution File, Format Version 12.00
# Visual Studio Version 17
VisualStudioVersion = 17.9.34607.119
MinimumVisualStudioVersion = 10.0.40219.1
Project("{FAE04EC0-301F-11D3-BF4B-00C04F79EFBC}") = "PM2EX192", "PM2EX192\PM2EX192.csproj", "{24CC56B0-84DF-4D13-BFF2-B8E1AD6123A2}"
EndProject
Global
	GlobalSection(SolutionConfigurationPlatforms) = preSolution
		Debug|Any CPU = Debug|Any CPU
		Release|Any CPU = Release|Any CPU
	EndGlobalSection
	GlobalSection(ProjectConfigurationPlatforms) = postSolution
		{24CC56B0-84DF-4D13-BFF2-B8E1AD6123A2}.Debug|Any CPU.ActiveCfg = Debug|Any CPU
		{24CC56B0-84DF-4D13-BFF2-B8E1AD6123A2}.Debug|Any CPU.Build.0 = Debug|Any CPU
		{24CC56B0-84DF-4D13-BFF2-B8E1AD6123A2}.Debug|Any CPU.Deploy.0 = Debug|Any CPU
		{24CC56B0-84DF-4D13-BFF2-B8E1AD6123A2}.Release|Any CPU.ActiveCfg = Release|Any CPU
		{24CC56B0-84DF-4D13-BFF2-B8E1AD6123A2}.Release|Any CPU.Build.0 = Release|Any CPU
		{24CC56B0-84DF-4D13-BFF2-B8E1AD6123A2}.Release|Any CPU.Deploy.0 = Release|Any CPU
	EndGlobalSection
	GlobalSection(SolutionProperties) = preSolution
		HideSolutionNode = FALSE
	EndGlobalSection
	GlobalSection(ExtensibilityGlobals) = postSolution
		SolutionGuid = {6112FEA4-7E3D-4653-B53C-6C5FEDBCC3DE}
	EndGlobalSection
EndGlobal
